// !$*UTF8*$!
{
	archiveVersion = 1;
	classes = {
	};
	objectVersion = 77;
	objects = {

/* Begin PBXBuildFile section */
		5D0B3C542F9D598700F5156C /* WaveAnimation.swift in Sources */ = {isa = PBXBuildFile; fileRef = 5D0B3C532F9D597600F5156C /* WaveAnimation.swift */; };
		5D3A715D2F980478009A4AB9 /* AIModels.swift in Sources */ = {isa = PBXBuildFile; fileRef = 5D3A715C2F980471009A4AB9 /* AIModels.swift */; };
		5DD8C0032F8EBE05008D32FB /* RecipeAIService.swift in Sources */ = {isa = PBXBuildFile; fileRef = 5DD8C0022F8EBE03008D32FB /* RecipeAIService.swift */; };
		5DE1E7B82F8E3ECD008EADB7 /* RecipeScannerView.swift in Sources */ = {isa = PBXBuildFile; fileRef = 5DE1E7B72F8E3EC6008EADB7 /* RecipeScannerView.swift */; };
		5DE1E7BA2F8E3EEF008EADB7 /* CameraPickerView.swift in Sources */ = {isa = PBXBuildFile; fileRef = 5DE1E7B92F8E3EEB008EADB7 /* CameraPickerView.swift */; };
		5DFA88872F7EF27200C04F28 /* CookModeView.swift in Sources */ = {isa = PBXBuildFile; fileRef = 5DFA887A2F7EF27200C04F28 /* CookModeView.swift */; };
		5DFA88882F7EF27200C04F28 /* Recipe.swift in Sources */ = {isa = PBXBuildFile; fileRef = 5DFA88752F7EF27200C04F28 /* Recipe.swift */; };
		5DFA88892F7EF27200C04F28 /* RecipeStore.swift in Sources */ = {isa = PBXBuildFile; fileRef = 5DFA88772F7EF27200C04F28 /* RecipeStore.swift */; };
		5DFA888A2F7EF27200C04F28 /* CulinaroApp.swift in Sources */ = {isa = PBXBuildFile; fileRef = 5DFA887F2F7EF27200C04F28 /* CulinaroApp.swift */; };
		5DFA888B2F7EF27200C04F28 /* AddRecipeView.swift in Sources */ = {isa = PBXBuildFile; fileRef = 5DFA88792F7EF27200C04F28 /* AddRecipeView.swift */; };
		5DFA888C2F7EF27200C04F28 /* ContentView.swift in Sources */ = {isa = PBXBuildFile; fileRef = 5DFA887E2F7EF27200C04F28 /* ContentView.swift */; };
		5DFA888D2F7EF27200C04F28 /* RecipesView.swift in Sources */ = {isa = PBXBuildFile; fileRef = 5DFA887B2F7EF27200C04F28 /* RecipesView.swift */; };
		5DFA888E2F7EF27200C04F28 /* Localizable.strings in Resources */ = {isa = PBXBuildFile; fileRef = 5DFA88822F7EF27200C04F28 /* Localizable.strings */; };
		5DFA888F2F7EF27200C04F28 /* Localizable.stringsdict in Resources */ = {isa = PBXBuildFile; fileRef = 5DFA88852F7EF27200C04F28 /* Localizable.stringsdict */; };
		5DFA88902F7EF27200C04F28 /* Assets.xcassets in Resources */ = {isa = PBXBuildFile; fileRef = 5DFA887D2F7EF27200C04F28 /* Assets.xcassets */; };
/* End PBXBuildFile section */

/* Begin PBXFileReference section */
		5D0B3C532F9D597600F5156C /* WaveAnimation.swift */ = {isa = PBXFileReference; lastKnownFileType = sourcecode.swift; path = WaveAnimation.swift; sourceTree = "<group>"; };
		5D3A715C2F980471009A4AB9 /* AIModels.swift */ = {isa = PBXFileReference; lastKnownFileType = sourcecode.swift; path = AIModels.swift; sourceTree = "<group>"; };
		5DD8C0022F8EBE03008D32FB /* RecipeAIService.swift */ = {isa = PBXFileReference; lastKnownFileType = sourcecode.swift; path = RecipeAIService.swift; sourceTree = "<group>"; };
		5DE1E7B72F8E3EC6008EADB7 /* RecipeScannerView.swift */ = {isa = PBXFileReference; lastKnownFileType = sourcecode.swift; path = RecipeScannerView.swift; sourceTree = "<group>"; };
		5DE1E7B92F8E3EEB008EADB7 /* CameraPickerView.swift */ = {isa = PBXFileReference; lastKnownFileType = sourcecode.swift; path = CameraPickerView.swift; sourceTree = "<group>"; };
		5DFA88752F7EF27200C04F28 /* Recipe.swift */ = {isa = PBXFileReference; lastKnownFileType = sourcecode.swift; path = Recipe.swift; sourceTree = "<group>"; };
		5DFA88772F7EF27200C04F28 /* RecipeStore.swift */ = {isa = PBXFileReference; lastKnownFileType = sourcecode.swift; path = RecipeStore.swift; sourceTree = "<group>"; };
		5DFA88792F7EF27200C04F28 /* AddRecipeView.swift */ = {isa = PBXFileReference; lastKnownFileType = sourcecode.swift; path = AddRecipeView.swift; sourceTree = "<group>"; };
		5DFA887A2F7EF27200C04F28 /* CookModeView.swift */ = {isa = PBXFileReference; lastKnownFileType = sourcecode.swift; path = CookModeView.swift; sourceTree = "<group>"; };
		5DFA887B2F7EF27200C04F28 /* RecipesView.swift */ = {isa = PBXFileReference; lastKnownFileType = sourcecode.swift; path = RecipesView.swift; sourceTree = "<group>"; };
		5DFA887D2F7EF27200C04F28 /* Assets.xcassets */ = {isa = PBXFileReference; lastKnownFileType = folder.assetcatalog; path = Assets.xcassets; sourceTree = "<group>"; };
		5DFA887E2F7EF27200C04F28 /* ContentView.swift */ = {isa = PBXFileReference; lastKnownFileType = sourcecode.swift; path = ContentView.swift; sourceTree = "<group>"; };
		5DFA887F2F7EF27200C04F28 /* CulinaroApp.swift */ = {isa = PBXFileReference; lastKnownFileType = sourcecode.swift; path = CulinaroApp.swift; sourceTree = "<group>"; };
		5DFA88802F7EF27200C04F28 /* en */ = {isa = PBXFileReference; lastKnownFileType = text.plist.strings; name = en; path = en.lproj/Localizable.strings; sourceTree = "<group>"; };
		5DFA88812F7EF27200C04F28 /* de */ = {isa = PBXFileReference; lastKnownFileType = text.plist.strings; name = de; path = de.lproj/Localizable.strings; sourceTree = "<group>"; };
		5DFA88832F7EF27200C04F28 /* en */ = {isa = PBXFileReference; lastKnownFileType = text.plist.stringsdict; name = en; path = en.lproj/Localizable.stringsdict; sourceTree = "<group>"; };
		5DFA88842F7EF27200C04F28 /* de */ = {isa = PBXFileReference; lastKnownFileType = text.plist.stringsdict; name = de; path = de.lproj/Localizable.stringsdict; sourceTree = "<group>"; };
		5DFCE2DF2EF2026D001D9552 /* Culinaro.app */ = {isa = PBXFileReference; explicitFileType = wrapper.application; includeInIndex = 0; path = Culinaro.app; sourceTree = BUILT_PRODUCTS_DIR; };
/* End PBXFileReference section */

/* Begin PBXFrameworksBuildPhase section */
		5DFCE2DC2EF2026C001D9552 /* Frameworks */ = {
			isa = PBXFrameworksBuildPhase;
			buildActionMask = 2147483647;
			files = (
			);
			runOnlyForDeploymentPostprocessing = 0;
		};
/* End PBXFrameworksBuildPhase section */

/* Begin PBXGroup section */
		5DFA88762F7EF27200C04F28 /* Modeles */ = {
			isa = PBXGroup;
			children = (
				5D3A715C2F980471009A4AB9 /* AIModels.swift */,
				5DFA88752F7EF27200C04F28 /* Recipe.swift */,
			);
			path = Modeles;
			sourceTree = "<group>";
		};
		5DFA88782F7EF27200C04F28 /* Stores */ = {
			isa = PBXGroup;
			children = (
				5DD8C0022F8EBE03008D32FB /* RecipeAIService.swift */,
				5DFA88772F7EF27200C04F28 /* RecipeStore.swift */,
			);
			path = Stores;
			sourceTree = "<group>";
		};
		5DFA887C2F7EF27200C04F28 /* Views */ = {
			isa = PBXGroup;
			children = (
				5D0B3C532F9D597600F5156C /* WaveAnimation.swift */,
				5DE1E7B92F8E3EEB008EADB7 /* CameraPickerView.swift */,
				5DE1E7B72F8E3EC6008EADB7 /* RecipeScannerView.swift */,
				5DFA88792F7EF27200C04F28 /* AddRecipeView.swift */,
				5DFA887A2F7EF27200C04F28 /* CookModeView.swift */,
				5DFA887B2F7EF27200C04F28 /* RecipesView.swift */,
			);
			path = Views;
			sourceTree = "<group>";
		};
		5DFA88862F7EF27200C04F28 /* Culinaro */ = {
			isa = PBXGroup;
			children = (
				5DFA88762F7EF27200C04F28 /* Modeles */,
				5DFA88782F7EF27200C04F28 /* Stores */,
				5DFA887C2F7EF27200C04F28 /* Views */,
				5DFA887D2F7EF27200C04F28 /* Assets.xcassets */,
				5DFA887E2F7EF27200C04F28 /* ContentView.swift */,
				5DFA887F2F7EF27200C04F28 /* CulinaroApp.swift */,
				5DFA88822F7EF27200C04F28 /* Localizable.strings */,
				5DFA88852F7EF27200C04F28 /* Localizable.stringsdict */,
			);
			path = Culinaro;
			sourceTree = "<group>";
		};
		5DFCE2D62EF2026C001D9552 = {
			isa = PBXGroup;
			children = (
				5DFA88862F7EF27200C04F28 /* Culinaro */,
				5DFCE2E02EF2026D001D9552 /* Products */,
			);
			sourceTree = "<group>";
		};
		5DFCE2E02EF2026D001D9552 /* Products */ = {
			isa = PBXGroup;
			children = (
				5DFCE2DF2EF2026D001D9552 /* Culinaro.app */,
			);
			name = Products;
			sourceTree = "<group>";
		};
/* End PBXGroup section */

/* Begin PBXNativeTarget section */
		5DFCE2DE2EF2026C001D9552 /* Culinaro */ = {
			isa = PBXNativeTarget;
			buildConfigurationList = 5DFCE2EA2EF2026E001D9552 /* Build configuration list for PBXNativeTarget "Culinaro" */;
			buildPhases = (
				5DFCE2DB2EF2026C001D9552 /* Sources */,
				5DFCE2DC2EF2026C001D9552 /* Frameworks */,
				5DFCE2DD2EF2026C001D9552 /* Resources */,
			);
			buildRules = (
			);
			dependencies = (
			);
			name = Culinaro;
			packageProductDependencies = (
			);
			productName = "Let him cook";
			productReference = 5DFCE2DF2EF2026D001D9552 /* Culinaro.app */;
			productType = "com.apple.product-type.application";
		};
/* End PBXNativeTarget section */

/* Begin PBXProject section */
		5DFCE2D72EF2026C001D9552 /* Project object */ = {
			isa = PBXProject;
			attributes = {
				BuildIndependentTargetsInParallel = 1;
				LastSwiftUpdateCheck = 2610;
				LastUpgradeCheck = 2610;
				TargetAttributes = {
					5DFCE2DE2EF2026C001D9552 = {
						CreatedOnToolsVersion = 26.1.1;
					};
				};
			};
			buildConfigurationList = 5DFCE2DA2EF2026C001D9552 /* Build configuration list for PBXProject "Culinaro" */;
			developmentRegion = en;
			hasScannedForEncodings = 0;
			knownRegions = (
				en,
				Base,
				de,
			);
			mainGroup = 5DFCE2D62EF2026C001D9552;
			minimizedProjectReferenceProxies = 1;
			preferredProjectObjectVersion = 77;
			productRefGroup = 5DFCE2E02EF2026D001D9552 /* Products */;
			projectDirPath = "";
			projectRoot = "";
			targets = (
				5DFCE2DE2EF2026C001D9552 /* Culinaro */,
			);
		};
/* End PBXProject section */

/* Begin PBXResourcesBuildPhase section */
		5DFCE2DD2EF2026C001D9552 /* Resources */ = {
			isa = PBXResourcesBuildPhase;
			buildActionMask = 2147483647;
			files = (
				5DFA888E2F7EF27200C04F28 /* Localizable.strings in Resources */,
				5DFA888F2F7EF27200C04F28 /* Localizable.stringsdict in Resources */,
				5DFA88902F7EF27200C04F28 /* Assets.xcassets in Resources */,
			);
			runOnlyForDeploymentPostprocessing = 0;
		};
/* End PBXResourcesBuildPhase section */

/* Begin PBXSourcesBuildPhase section */
		5DFCE2DB2EF2026C001D9552 /* Sources */ = {
			isa = PBXSourcesBuildPhase;
			buildActionMask = 2147483647;
			files = (
				5D3A715D2F980478009A4AB9 /* AIModels.swift in Sources */,
				5D0B3C542F9D598700F5156C /* WaveAnimation.swift in Sources */,
				5DFA88872F7EF27200C04F28 /* CookModeView.swift in Sources */,
				5DFA88882F7EF27200C04F28 /* Recipe.swift in Sources */,
				5DFA88892F7EF27200C04F28 /* RecipeStore.swift in Sources */,
				5DFA888A2F7EF27200C04F28 /* CulinaroApp.swift in Sources */,
				5DFA888B2F7EF27200C04F28 /* AddRecipeView.swift in Sources */,
				5DD8C0032F8EBE05008D32FB /* RecipeAIService.swift in Sources */,
				5DFA888C2F7EF27200C04F28 /* ContentView.swift in Sources */,
				5DFA888D2F7EF27200C04F28 /* RecipesView.swift in Sources */,
				5DE1E7B82F8E3ECD008EADB7 /* RecipeScannerView.swift in Sources */,
				5DE1E7BA2F8E3EEF008EADB7 /* CameraPickerView.swift in Sources */,
			);
			runOnlyForDeploymentPostprocessing = 0;
		};
/* End PBXSourcesBuildPhase section */

/* Begin PBXVariantGroup section */
		5DFA88822F7EF27200C04F28 /* Localizable.strings */ = {
			isa = PBXVariantGroup;
			children = (
				5DFA88802F7EF27200C04F28 /* en */,
				5DFA88812F7EF27200C04F28 /* de */,
			);
			name = Localizable.strings;
			sourceTree = "<group>";
		};
		5DFA88852F7EF27200C04F28 /* Localizable.stringsdict */ = {
			isa = PBXVariantGroup;
			children = (
				5DFA88832F7EF27200C04F28 /* en */,
				5DFA88842F7EF27200C04F28 /* de */,
			);
			name = Localizable.stringsdict;
			sourceTree = "<group>";
		};
/* End PBXVariantGroup section */

/* Begin XCBuildConfiguration section */
		5DFCE2E82EF2026E001D9552 /* Debug */ = {
			isa = XCBuildConfiguration;
			buildSettings = {
				ALWAYS_SEARCH_USER_PATHS = NO;
				ASSETCATALOG_COMPILER_GENERATE_SWIFT_ASSET_SYMBOL_EXTENSIONS = YES;
				CLANG_ANALYZER_NONNULL = YES;
				CLANG_ANALYZER_NUMBER_OBJECT_CONVERSION = YES_AGGRESSIVE;
				CLANG_CXX_LANGUAGE_STANDARD = "gnu++20";
				CLANG_ENABLE_MODULES = YES;
				CLANG_ENABLE_OBJC_ARC = YES;
				CLANG_ENABLE_OBJC_WEAK = YES;
				CLANG_WARN_BLOCK_CAPTURE_AUTORELEASING = YES;
				CLANG_WARN_BOOL_CONVERSION = YES;
				CLANG_WARN_COMMA = YES;
				CLANG_WARN_CONSTANT_CONVERSION = YES;
				CLANG_WARN_DEPRECATED_OBJC_IMPLEMENTATIONS = YES;
				CLANG_WARN_DIRECT_OBJC_ISA_USAGE = YES_ERROR;
				CLANG_WARN_DOCUMENTATION_COMMENTS = YES;
				CLANG_WARN_EMPTY_BODY = YES;
				CLANG_WARN_ENUM_CONVERSION = YES;
				CLANG_WARN_INFINITE_RECURSION = YES;
				CLANG_WARN_INT_CONVERSION = YES;
				CLANG_WARN_NON_LITERAL_NULL_CONVERSION = YES;
				CLANG_WARN_OBJC_IMPLICIT_RETAIN_SELF = YES;
				CLANG_WARN_OBJC_LITERAL_CONVERSION = YES;
				CLANG_WARN_OBJC_ROOT_CLASS = YES_ERROR;
				CLANG_WARN_QUOTED_INCLUDE_IN_FRAMEWORK_HEADER = YES;
				CLANG_WARN_RANGE_LOOP_ANALYSIS = YES;
				CLANG_WARN_STRICT_PROTOTYPES = YES;
				CLANG_WARN_SUSPICIOUS_MOVE = YES;
				CLANG_WARN_UNGUARDED_AVAILABILITY = YES_AGGRESSIVE;
				CLANG_WARN_UNREACHABLE_CODE = YES;
				CLANG_WARN__DUPLICATE_METHOD_MATCH = YES;
				COPY_PHASE_STRIP = NO;
				DEBUG_INFORMATION_FORMAT = dwarf;
				DEVELOPMENT_TEAM = PJPDBUX37D;
				ENABLE_STRICT_OBJC_MSGSEND = YES;
				ENABLE_TESTABILITY = YES;
				ENABLE_USER_SCRIPT_SANDBOXING = YES;
				GCC_C_LANGUAGE_STANDARD = gnu17;
				GCC_DYNAMIC_NO_PIC = NO;
				GCC_NO_COMMON_BLOCKS = YES;
				GCC_OPTIMIZATION_LEVEL = 0;
				GCC_PREPROCESSOR_DEFINITIONS = (
					"DEBUG=1",
					"$(inherited)",
				);
				GCC_WARN_64_TO_32_BIT_CONVERSION = YES;
				GCC_WARN_ABOUT_RETURN_TYPE = YES_ERROR;
				GCC_WARN_UNDECLARED_SELECTOR = YES;
				GCC_WARN_UNINITIALIZED_AUTOS = YES_AGGRESSIVE;
				GCC_WARN_UNUSED_FUNCTION = YES;
				GCC_WARN_UNUSED_VARIABLE = YES;
				IPHONEOS_DEPLOYMENT_TARGET = 26.1;
				LOCALIZATION_PREFERS_STRING_CATALOGS = YES;
				MTL_ENABLE_DEBUG_INFO = INCLUDE_SOURCE;
				MTL_FAST_MATH = YES;
				ONLY_ACTIVE_ARCH = YES;
				SDKROOT = iphoneos;
				SWIFT_ACTIVE_COMPILATION_CONDITIONS = "DEBUG $(inherited)";
				SWIFT_OPTIMIZATION_LEVEL = "-Onone";
			};
			name = Debug;
		};
		5DFCE2E92EF2026E001D9552 /* Release */ = {
			isa = XCBuildConfiguration;
			buildSettings = {
				ALWAYS_SEARCH_USER_PATHS = NO;
				ASSETCATALOG_COMPILER_GENERATE_SWIFT_ASSET_SYMBOL_EXTENSIONS = YES;
				CLANG_ANALYZER_NONNULL = YES;
				CLANG_ANALYZER_NUMBER_OBJECT_CONVERSION = YES_AGGRESSIVE;
				CLANG_CXX_LANGUAGE_STANDARD = "gnu++20";
				CLANG_ENABLE_MODULES = YES;
				CLANG_ENABLE_OBJC_ARC = YES;
				CLANG_ENABLE_OBJC_WEAK = YES;
				CLANG_WARN_BLOCK_CAPTURE_AUTORELEASING = YES;
				CLANG_WARN_BOOL_CONVERSION = YES;
				CLANG_WARN_COMMA = YES;
				CLANG_WARN_CONSTANT_CONVERSION = YES;
				CLANG_WARN_DEPRECATED_OBJC_IMPLEMENTATIONS = YES;
				CLANG_WARN_DIRECT_OBJC_ISA_USAGE = YES_ERROR;
				CLANG_WARN_DOCUMENTATION_COMMENTS = YES;
				CLANG_WARN_EMPTY_BODY = YES;
				CLANG_WARN_ENUM_CONVERSION = YES;
				CLANG_WARN_INFINITE_RECURSION = YES;
				CLANG_WARN_INT_CONVERSION = YES;
				CLANG_WARN_NON_LITERAL_NULL_CONVERSION = YES;
				CLANG_WARN_OBJC_IMPLICIT_RETAIN_SELF = YES;
				CLANG_WARN_OBJC_LITERAL_CONVERSION = YES;
				CLANG_WARN_OBJC_ROOT_CLASS = YES_ERROR;
				CLANG_WARN_QUOTED_INCLUDE_IN_FRAMEWORK_HEADER = YES;
				CLANG_WARN_RANGE_LOOP_ANALYSIS = YES;
				CLANG_WARN_STRICT_PROTOTYPES = YES;
				CLANG_WARN_SUSPICIOUS_MOVE = YES;
				CLANG_WARN_UNGUARDED_AVAILABILITY = YES_AGGRESSIVE;
				CLANG_WARN_UNREACHABLE_CODE = YES;
				CLANG_WARN__DUPLICATE_METHOD_MATCH = YES;
				COPY_PHASE_STRIP = NO;
				DEBUG_INFORMATION_FORMAT = "dwarf-with-dsym";
				DEVELOPMENT_TEAM = PJPDBUX37D;
				ENABLE_NS_ASSERTIONS = NO;
				ENABLE_STRICT_OBJC_MSGSEND = YES;
				ENABLE_USER_SCRIPT_SANDBOXING = YES;
				GCC_C_LANGUAGE_STANDARD = gnu17;
				GCC_NO_COMMON_BLOCKS = YES;
				GCC_WARN_64_TO_32_BIT_CONVERSION = YES;
				GCC_WARN_ABOUT_RETURN_TYPE = YES_ERROR;
				GCC_WARN_UNDECLARED_SELECTOR = YES;
				GCC_WARN_UNINITIALIZED_AUTOS = YES_AGGRESSIVE;
				GCC_WARN_UNUSED_FUNCTION = YES;
				GCC_WARN_UNUSED_VARIABLE = YES;
				IPHONEOS_DEPLOYMENT_TARGET = 26.1;
				LOCALIZATION_PREFERS_STRING_CATALOGS = YES;
				MTL_ENABLE_DEBUG_INFO = NO;
				MTL_FAST_MATH = YES;
				SDKROOT = iphoneos;
				SWIFT_COMPILATION_MODE = wholemodule;
				VALIDATE_PRODUCT = YES;
			};
			name = Release;
		};
		5DFCE2EB2EF2026E001D9552 /* Debug */ = {
			isa = XCBuildConfiguration;
			buildSettings = {
				ASSETCATALOG_COMPILER_APPICON_NAME = AppIcon;
				ASSETCATALOG_COMPILER_GLOBAL_ACCENT_COLOR_NAME = AccentColor;
				CODE_SIGN_STYLE = Automatic;
				CURRENT_PROJECT_VERSION = 1;
				DEVELOPMENT_TEAM = PJPDBUX37D;
				ENABLE_PREVIEWS = YES;
				GENERATE_INFOPLIST_FILE = YES;
				INFOPLIST_FILE = "Culinaro-Info.plist";
				INFOPLIST_KEY_CFBundleDisplayName = Culinaro;
				INFOPLIST_KEY_LSApplicationCategoryType = "";
				INFOPLIST_KEY_NSCameraUsageDescription = "Zum Scannen von Rezepten wird die Kamera benötigt.";
				INFOPLIST_KEY_NSHumanReadableCopyright = "";
				INFOPLIST_KEY_NSPhotoLibraryUsageDescription = "Zum Importieren von Rezeptfotos.";
				INFOPLIST_KEY_UIApplicationSceneManifest_Generation = YES;
				INFOPLIST_KEY_UIApplicationSupportsIndirectInputEvents = YES;
				INFOPLIST_KEY_UILaunchScreen_Generation = YES;
				INFOPLIST_KEY_UISupportedInterfaceOrientations_iPad = "UIInterfaceOrientationPortrait UIInterfaceOrientationPortraitUpsideDown UIInterfaceOrientationLandscapeLeft UIInterfaceOrientationLandscapeRight";
				INFOPLIST_KEY_UISupportedInterfaceOrientations_iPhone = "UIInterfaceOrientationPortrait UIInterfaceOrientationLandscapeLeft UIInterfaceOrientationLandscapeRight";
				LD_RUNPATH_SEARCH_PATHS = (
					"$(inherited)",
					"@executable_path/Frameworks",
				);
				MARKETING_VERSION = 1.0;
				PRODUCT_BUNDLE_IDENTIFIER = com.anthimewillmann.culinaro.app;
				PRODUCT_NAME = "$(TARGET_NAME)";
				STRING_CATALOG_GENERATE_SYMBOLS = YES;
				SWIFT_APPROACHABLE_CONCURRENCY = YES;
				SWIFT_DEFAULT_ACTOR_ISOLATION = MainActor;
				SWIFT_EMIT_LOC_STRINGS = YES;
				SWIFT_UPCOMING_FEATURE_MEMBER_IMPORT_VISIBILITY = YES;
				SWIFT_VERSION = 5.0;
				TARGETED_DEVICE_FAMILY = "1,2";
			};
			name = Debug;
		};
		5DFCE2EC2EF2026E001D9552 /* Release */ = {
			isa = XCBuildConfiguration;
			buildSettings = {
				ASSETCATALOG_COMPILER_APPICON_NAME = AppIcon;
				ASSETCATALOG_COMPILER_GLOBAL_ACCENT_COLOR_NAME = AccentColor;
				CODE_SIGN_STYLE = Automatic;
				CURRENT_PROJECT_VERSION = 1;
				DEVELOPMENT_TEAM = PJPDBUX37D;
				ENABLE_PREVIEWS = YES;
				GENERATE_INFOPLIST_FILE = YES;
				INFOPLIST_FILE = "Culinaro-Info.plist";
				INFOPLIST_KEY_CFBundleDisplayName = Culinaro;
				INFOPLIST_KEY_LSApplicationCategoryType = "";
				INFOPLIST_KEY_NSCameraUsageDescription = "Zum Scannen von Rezepten wird die Kamera benötigt.";
				INFOPLIST_KEY_NSHumanReadableCopyright = "";
				INFOPLIST_KEY_NSPhotoLibraryUsageDescription = "Zum Importieren von Rezeptfotos.";
				INFOPLIST_KEY_UIApplicationSceneManifest_Generation = YES;
				INFOPLIST_KEY_UIApplicationSupportsIndirectInputEvents = YES;
				INFOPLIST_KEY_UILaunchScreen_Generation = YES;
				INFOPLIST_KEY_UISupportedInterfaceOrientations_iPad = "UIInterfaceOrientationPortrait UIInterfaceOrientationPortraitUpsideDown UIInterfaceOrientationLandscapeLeft UIInterfaceOrientationLandscapeRight";
				INFOPLIST_KEY_UISupportedInterfaceOrientations_iPhone = "UIInterfaceOrientationPortrait UIInterfaceOrientationLandscapeLeft UIInterfaceOrientationLandscapeRight";
				LD_RUNPATH_SEARCH_PATHS = (
					"$(inherited)",
					"@executable_path/Frameworks",
				);
				MARKETING_VERSION = 1.0;
				PRODUCT_BUNDLE_IDENTIFIER = com.anthimewillmann.culinaro.app;
				PRODUCT_NAME = "$(TARGET_NAME)";
				STRING_CATALOG_GENERATE_SYMBOLS = YES;
				SWIFT_APPROACHABLE_CONCURRENCY = YES;
				SWIFT_DEFAULT_ACTOR_ISOLATION = MainActor;
				SWIFT_EMIT_LOC_STRINGS = YES;
				SWIFT_UPCOMING_FEATURE_MEMBER_IMPORT_VISIBILITY = YES;
				SWIFT_VERSION = 5.0;
				TARGETED_DEVICE_FAMILY = "1,2";
			};
			name = Release;
		};
/* End XCBuildConfiguration section */

/* Begin XCConfigurationList section */
		5DFCE2DA2EF2026C001D9552 /* Build configuration list for PBXProject "Culinaro" */ = {
			isa = XCConfigurationList;
			buildConfigurations = (
				5DFCE2E82EF2026E001D9552 /* Debug */,
				5DFCE2E92EF2026E001D9552 /* Release */,
			);
			defaultConfigurationIsVisible = 0;
			defaultConfigurationName = Release;
		};
		5DFCE2EA2EF2026E001D9552 /* Build configuration list for PBXNativeTarget "Culinaro" */ = {
			isa = XCConfigurationList;
			buildConfigurations = (
				5DFCE2EB2EF2026E001D9552 /* Debug */,
				5DFCE2EC2EF2026E001D9552 /* Release */,
			);
			defaultConfigurationIsVisible = 0;
			defaultConfigurationName = Release;
		};
/* End XCConfigurationList section */
	};
	rootObject = 5DFCE2D72EF2026C001D9552 /* Project object */;
}
